
Microsoft Visual Studio Solution File, Format Version 12.00
# Visual Studio Version 17
VisualStudioVersion = 17.0.31903.59
MinimumVisualStudioVersion = 10.0.40219.1
Project("{2150E333-8FDC-42A3-9474-1A3956D46DE8}") = "src", "src", "{827E0CD3-B72D-47B6-A68D-7590B98EB39B}"
EndProject
Project("{FAE04EC0-301F-11D3-BF4B-00C04F79EFBC}") = "EBOM.Core", "src\EBOM.Core\EBOM.Core.csproj", "{88C1AAF2-72E9-4AC3-9121-9FBEB1BCF750}"
EndProject
Project("{FAE04EC0-301F-11D3-BF4B-00C04F79EFBC}") = "EBOM.Data", "src\EBOM.Data\EBOM.Data.csproj", "{97372D14-E6ED-4236-97AE-8ED2C6AD0851}"
EndProject
Project("{FAE04EC0-301F-11D3-BF4B-00C04F79EFBC}") = "EBOM.Services", "src\EBOM.Services\EBOM.Services.csproj", "{538F65C2-8C68-4B56-8F66-840326693EA2}"
EndProject
Project("{FAE04EC0-301F-11D3-BF4B-00C04F79EFBC}") = "EBOM.Common", "src\EBOM.Common\EBOM.Common.csproj", "{963D36CA-C3D2-44FE-84D8-CFE8427B14DB}"
EndProject
Project("{FAE04EC0-301F-11D3-BF4B-00C04F79EFBC}") = "EBOM.API", "src\EBOM.API\EBOM.API.csproj", "{5ECC622F-BC51-4193-B4B1-7843C7F5679B}"
EndProject
Global
	GlobalSection(SolutionConfigurationPlatforms) = preSolution
		Debug|Any CPU = Debug|Any CPU
		Debug|x64 = Debug|x64
		Debug|x86 = Debug|x86
		Release|Any CPU = Release|Any CPU
		Release|x64 = Release|x64
		Release|x86 = Release|x86
	EndGlobalSection
	GlobalSection(ProjectConfigurationPlatforms) = postSolution
		{88C1AAF2-72E9-4AC3-9121-9FBEB1BCF750}.Debug|Any CPU.ActiveCfg = Debug|Any CPU
		{88C1AAF2-72E9-4AC3-9121-9FBEB1BCF750}.Debug|Any CPU.Build.0 = Debug|Any CPU
		{88C1AAF2-72E9-4AC3-9121-9FBEB1BCF750}.Debug|x64.ActiveCfg = Debug|Any CPU
		{88C1AAF2-72E9-4AC3-9121-9FBEB1BCF750}.Debug|x64.Build.0 = Debug|Any CPU
		{88C1AAF2-72E9-4AC3-9121-9FBEB1BCF750}.Debug|x86.ActiveCfg = Debug|Any CPU
		{88C1AAF2-72E9-4AC3-9121-9FBEB1BCF750}.Debug|x86.Build.0 = Debug|Any CPU
		{88C1AAF2-72E9-4AC3-9121-9FBEB1BCF750}.Release|Any CPU.ActiveCfg = Release|Any CPU
		{88C1AAF2-72E9-4AC3-9121-9FBEB1BCF750}.Release|Any CPU.Build.0 = Release|Any CPU
		{88C1AAF2-72E9-4AC3-9121-9FBEB1BCF750}.Release|x64.ActiveCfg = Release|Any CPU
		{88C1AAF2-72E9-4AC3-9121-9FBEB1BCF750}.Release|x64.Build.0 = Release|Any CPU
		{88C1AAF2-72E9-4AC3-9121-9FBEB1BCF750}.Release|x86.ActiveCfg = Release|Any CPU
		{88C1AAF2-72E9-4AC3-9121-9FBEB1BCF750}.Release|x86.Build.0 = Release|Any CPU
		{97372D14-E6ED-4236-97AE-8ED2C6AD0851}.Debug|Any CPU.ActiveCfg = Debug|Any CPU
		{97372D14-E6ED-4236-97AE-8ED2C6AD0851}.Debug|Any CPU.Build.0 = Debug|Any CPU
		{97372D14-E6ED-4236-97AE-8ED2C6AD0851}.Debug|x64.ActiveCfg = Debug|Any CPU
		{97372D14-E6ED-4236-97AE-8ED2C6AD0851}.Debug|x64.Build.0 = Debug|Any CPU
		{97372D14-E6ED-4236-97AE-8ED2C6AD0851}.Debug|x86.ActiveCfg = Debug|Any CPU
		{97372D14-E6ED-4236-97AE-8ED2C6AD0851}.Debug|x86.Build.0 = Debug|Any CPU
		{97372D14-E6ED-4236-97AE-8ED2C6AD0851}.Release|Any CPU.ActiveCfg = Release|Any CPU
		{97372D14-E6ED-4236-97AE-8ED2C6AD0851}.Release|Any CPU.Build.0 = Release|Any CPU
		{97372D14-E6ED-4236-97AE-8ED2C6AD0851}.Release|x64.ActiveCfg = Release|Any CPU
		{97372D14-E6ED-4236-97AE-8ED2C6AD0851}.Release|x64.Build.0 = Release|Any CPU
		{97372D14-E6ED-4236-97AE-8ED2C6AD0851}.Release|x86.ActiveCfg = Release|Any CPU
		{97372D14-E6ED-4236-97AE-8ED2C6AD0851}.Release|x86.Build.0 = Release|Any CPU
		{538F65C2-8C68-4B56-8F66-840326693EA2}.Debug|Any CPU.ActiveCfg = Debug|Any CPU
		{538F65C2-8C68-4B56-8F66-840326693EA2}.Debug|Any CPU.Build.0 = Debug|Any CPU
		{538F65C2-8C68-4B56-8F66-840326693EA2}.Debug|x64.ActiveCfg = Debug|Any CPU
		{538F65C2-8C68-4B56-8F66-840326693EA2}.Debug|x64.Build.0 = Debug|Any CPU
		{538F65C2-8C68-4B56-8F66-840326693EA2}.Debug|x86.ActiveCfg = Debug|Any CPU
		{538F65C2-8C68-4B56-8F66-840326693EA2}.Debug|x86.Build.0 = Debug|Any CPU
		{538F65C2-8C68-4B56-8F66-840326693EA2}.Release|Any CPU.ActiveCfg = Release|Any CPU
		{538F65C2-8C68-4B56-8F66-840326693EA2}.Release|Any CPU.Build.0 = Release|Any CPU
		{538F65C2-8C68-4B56-8F66-840326693EA2}.Release|x64.ActiveCfg = Release|Any CPU
		{538F65C2-8C68-4B56-8F66-840326693EA2}.Release|x64.Build.0 = Release|Any CPU
		{538F65C2-8C68-4B56-8F66-840326693EA2}.Release|x86.ActiveCfg = Release|Any CPU
		{538F65C2-8C68-4B56-8F66-840326693EA2}.Release|x86.Build.0 = Release|Any CPU
		{963D36CA-C3D2-44FE-84D8-CFE8427B14DB}.Debug|Any CPU.ActiveCfg = Debug|Any CPU
		{963D36CA-C3D2-44FE-84D8-CFE8427B14DB}.Debug|Any CPU.Build.0 = Debug|Any CPU
		{963D36CA-C3D2-44FE-84D8-CFE8427B14DB}.Debug|x64.ActiveCfg = Debug|Any CPU
		{963D36CA-C3D2-44FE-84D8-CFE8427B14DB}.Debug|x64.Build.0 = Debug|Any CPU
		{963D36CA-C3D2-44FE-84D8-CFE8427B14DB}.Debug|x86.ActiveCfg = Debug|Any CPU
		{963D36CA-C3D2-44FE-84D8-CFE8427B14DB}.Debug|x86.Build.0 = Debug|Any CPU
		{963D36CA-C3D2-44FE-84D8-CFE8427B14DB}.Release|Any CPU.ActiveCfg = Release|Any CPU
		{963D36CA-C3D2-44FE-84D8-CFE8427B14DB}.Release|Any CPU.Build.0 = Release|Any CPU
		{963D36CA-C3D2-44FE-84D8-CFE8427B14DB}.Release|x64.ActiveCfg = Release|Any CPU
		{963D36CA-C3D2-44FE-84D8-CFE8427B14DB}.Release|x64.Build.0 = Release|Any CPU
		{963D36CA-C3D2-44FE-84D8-CFE8427B14DB}.Release|x86.ActiveCfg = Release|Any CPU
		{963D36CA-C3D2-44FE-84D8-CFE8427B14DB}.Release|x86.Build.0 = Release|Any CPU
		{5ECC622F-BC51-4193-B4B1-7843C7F5679B}.Debug|Any CPU.ActiveCfg = Debug|Any CPU
		{5ECC622F-BC51-4193-B4B1-7843C7F5679B}.Debug|Any CPU.Build.0 = Debug|Any CPU
		{5ECC622F-BC51-4193-B4B1-7843C7F5679B}.Debug|x64.ActiveCfg = Debug|Any CPU
		{5ECC622F-BC51-4193-B4B1-7843C7F5679B}.Debug|x64.Build.0 = Debug|Any CPU
		{5ECC622F-BC51-4193-B4B1-7843C7F5679B}.Debug|x86.ActiveCfg = Debug|Any CPU
		{5ECC622F-BC51-4193-B4B1-7843C7F5679B}.Debug|x86.Build.0 = Debug|Any CPU
		{5ECC622F-BC51-4193-B4B1-7843C7F5679B}.Release|Any CPU.ActiveCfg = Release|Any CPU
		{5ECC622F-BC51-4193-B4B1-7843C7F5679B}.Release|Any CPU.Build.0 = Release|Any CPU
		{5ECC622F-BC51-4193-B4B1-7843C7F5679B}.Release|x64.ActiveCfg = Release|Any CPU
		{5ECC622F-BC51-4193-B4B1-7843C7F5679B}.Release|x64.Build.0 = Release|Any CPU
		{5ECC622F-BC51-4193-B4B1-7843C7F5679B}.Release|x86.ActiveCfg = Release|Any CPU
		{5ECC622F-BC51-4193-B4B1-7843C7F5679B}.Release|x86.Build.0 = Release|Any CPU
	EndGlobalSection
	GlobalSection(SolutionProperties) = preSolution
		HideSolutionNode = FALSE
	EndGlobalSection
	GlobalSection(NestedProjects) = preSolution
		{88C1AAF2-72E9-4AC3-9121-9FBEB1BCF750} = {827E0CD3-B72D-47B6-A68D-7590B98EB39B}
		{97372D14-E6ED-4236-97AE-8ED2C6AD0851} = {827E0CD3-B72D-47B6-A68D-7590B98EB39B}
		{538F65C2-8C68-4B56-8F66-840326693EA2} = {827E0CD3-B72D-47B6-A68D-7590B98EB39B}
		{963D36CA-C3D2-44FE-84D8-CFE8427B14DB} = {827E0CD3-B72D-47B6-A68D-7590B98EB39B}
		{5ECC622F-BC51-4193-B4B1-7843C7F5679B} = {827E0CD3-B72D-47B6-A68D-7590B98EB39B}
	EndGlobalSection
EndGlobal
